
Microsoft Visual Studio Solution File, Format Version 12.00
# Visual Studio Version 16
VisualStudioVersion = 16.0.29709.97
MinimumVisualStudioVersion = 10.0.40219.1
Project("{9A19103F-16F7-4668-BE54-9A1E7A4F7556}") = "Api Test App", "Api Test App\Api Test App.csproj", "{3C16A089-8BE4-4E84-8A90-8C443BA9E9D8}"
EndProject
Project("{9A19103F-16F7-4668-BE54-9A1E7A4F7556}") = "BLL", "BLL\BLL.csproj", "{9B6912B3-0011-450F-BAEF-6BE7CD1AD970}"
EndProject
Project("{9A19103F-16F7-4668-BE54-9A1E7A4F7556}") = "DAL", "DAL\DAL.csproj", "{60B8AE7B-F02A-4D5A-BC66-CEF419DD4F81}"
EndProject
Project("{9A19103F-16F7-4668-BE54-9A1E7A4F7556}") = "REST API", "REST API\REST API.csproj", "{CA7933A0-2799-4CF9-815F-0ED175C8D8FF}"
EndProject
Project("{FAE04EC0-301F-11D3-BF4B-00C04F79EFBC}") = "ModelsBaseData", "ModelsBaseData\ModelsBaseData.csproj", "{8691D7C1-F1F0-4829-95F6-027674966CCF}"
EndProject
Global
	GlobalSection(SolutionConfigurationPlatforms) = preSolution
		Debug|Any CPU = Debug|Any CPU
		Release|Any CPU = Release|Any CPU
	EndGlobalSection
	GlobalSection(ProjectConfigurationPlatforms) = postSolution
		{3C16A089-8BE4-4E84-8A90-8C443BA9E9D8}.Debug|Any CPU.ActiveCfg = Debug|Any CPU
		{3C16A089-8BE4-4E84-8A90-8C443BA9E9D8}.Debug|Any CPU.Build.0 = Debug|Any CPU
		{3C16A089-8BE4-4E84-8A90-8C443BA9E9D8}.Release|Any CPU.ActiveCfg = Release|Any CPU
		{3C16A089-8BE4-4E84-8A90-8C443BA9E9D8}.Release|Any CPU.Build.0 = Release|Any CPU
		{9B6912B3-0011-450F-BAEF-6BE7CD1AD970}.Debug|Any CPU.ActiveCfg = Debug|Any CPU
		{9B6912B3-0011-450F-BAEF-6BE7CD1AD970}.Debug|Any CPU.Build.0 = Debug|Any CPU
		{9B6912B3-0011-450F-BAEF-6BE7CD1AD970}.Release|Any CPU.ActiveCfg = Release|Any CPU
		{9B6912B3-0011-450F-BAEF-6BE7CD1AD970}.Release|Any CPU.Build.0 = Release|Any CPU
		{60B8AE7B-F02A-4D5A-BC66-CEF419DD4F81}.Debug|Any CPU.ActiveCfg = Debug|Any CPU
		{60B8AE7B-F02A-4D5A-BC66-CEF419DD4F81}.Debug|Any CPU.Build.0 = Debug|Any CPU
		{60B8AE7B-F02A-4D5A-BC66-CEF419DD4F81}.Release|Any CPU.ActiveCfg = Release|Any CPU
		{60B8AE7B-F02A-4D5A-BC66-CEF419DD4F81}.Release|Any CPU.Build.0 = Release|Any CPU
		{CA7933A0-2799-4CF9-815F-0ED175C8D8FF}.Debug|Any CPU.ActiveCfg = Debug|Any CPU
		{CA7933A0-2799-4CF9-815F-0ED175C8D8FF}.Debug|Any CPU.Build.0 = Debug|Any CPU
		{CA7933A0-2799-4CF9-815F-0ED175C8D8FF}.Release|Any CPU.ActiveCfg = Release|Any CPU
		{CA7933A0-2799-4CF9-815F-0ED175C8D8FF}.Release|Any CPU.Build.0 = Release|Any CPU
		{8691D7C1-F1F0-4829-95F6-027674966CCF}.Debug|Any CPU.ActiveCfg = Debug|Any CPU
		{8691D7C1-F1F0-4829-95F6-027674966CCF}.Debug|Any CPU.Build.0 = Debug|Any CPU
		{8691D7C1-F1F0-4829-95F6-027674966CCF}.Release|Any CPU.ActiveCfg = Release|Any CPU
		{8691D7C1-F1F0-4829-95F6-027674966CCF}.Release|Any CPU.Build.0 = Release|Any CPU
	EndGlobalSection
	GlobalSection(SolutionProperties) = preSolution
		HideSolutionNode = FALSE
	EndGlobalSection
	GlobalSection(ExtensibilityGlobals) = postSolution
		SolutionGuid = {0945B008-C314-4946-8337-2EFD7BD736AB}
	EndGlobalSection
EndGlobal
